
Microsoft Visual Studio Solution File, Format Version 12.00
# Visual Studio Version 17
VisualStudioVersion = 17.13.35828.75 d17.13
MinimumVisualStudioVersion = 10.0.40219.1
Project("{FAE04EC0-301F-11D3-BF4B-00C04F79EFBC}") = "CaseStudy7", "CaseStudy7\CaseStudy7.csproj", "{88FC8AFF-00CE-4272-90E3-A0B437C01BF9}"
EndProject
Global
	GlobalSection(SolutionConfigurationPlatforms) = preSolution
		Debug|Any CPU = Debug|Any CPU
		Release|Any CPU = Release|Any CPU
	EndGlobalSection
	GlobalSection(ProjectConfigurationPlatforms) = postSolution
		{88FC8AFF-00CE-4272-90E3-A0B437C01BF9}.Debug|Any CPU.ActiveCfg = Debug|Any CPU
		{88FC8AFF-00CE-4272-90E3-A0B437C01BF9}.Debug|Any CPU.Build.0 = Debug|Any CPU
		{88FC8AFF-00CE-4272-90E3-A0B437C01BF9}.Release|Any CPU.ActiveCfg = Release|Any CPU
		{88FC8AFF-00CE-4272-90E3-A0B437C01BF9}.Release|Any CPU.Build.0 = Release|Any CPU
	EndGlobalSection
	GlobalSection(SolutionProperties) = preSolution
		HideSolutionNode = FALSE
	EndGlobalSection
	GlobalSection(ExtensibilityGlobals) = postSolution
		SolutionGuid = {1FDF1CB6-CCAF-488F-8AB9-14473DB0CE19}
	EndGlobalSection
EndGlobal
